{
  "version": 4,
  "terraform_version": "1.13.2",
  "serial": 10,
  "lineage": "271dcc1b-ed6c-9c4c-fd64-c21c93e2d10e",
  "outputs": {
    "configured_workflow_assertions": {
      "value": [
        {
          "item": "job_workflow_ref",
          "operator": "equals",
          "value": "digitalservicebund/experimental-llm/.github/workflows/terraform-apply.yml@refs/heads/main"
        }
      ],
      "type": [
        "list",
        [
          "object",
          {
            "item": "string",
            "operator": "string",
            "value": "string"
          }
        ]
      ]
    },
    "expected_oidc_subjects": {
      "value": [
        "repo:digitalservicebund@72971514/experimental-llm@1361178104:ref:refs/heads/main"
      ],
      "type": [
        "tuple",
        [
          "string"
        ]
      ]
    },
    "service_account_email": {
      "value": "gh-terraform-6ao3jpi8@sa.stackit.cloud",
      "type": "string"
    }
  },
  "resources": [
    {
      "module": "module.github_actions_identity_federation",
      "mode": "managed",
      "type": "stackit_authorization_project_custom_role",
      "name": "this",
      "provider": "provider[\"registry.terraform.io/stackitcloud/stackit\"]",
      "instances": [
        {
          "index_key": 0,
          "schema_version": 0,
          "attributes": {
            "description": "Custom role for service account gh-terraform",
            "id": "8f43ea04-9012-4cd7-8d14-d4e202c9ddc0,cd335767-c5bd-44b9-96a7-fb01dbeb0076",
            "name": "service-account.gh-terraform",
            "permissions": [
              "iaas.image.get",
              "iaas.image.list",
              "iaas.machine-type.get",
              "iaas.machine-type.list",
              "iaas.network.get",
              "iaas.nic.create",
              "iaas.nic.delete",
              "iaas.nic.get",
              "iaas.nic.list",
              "iaas.nic.update",
              "iaas.public-ip.create",
              "iaas.public-ip.delete",
              "iaas.public-ip.get",
              "iaas.public-ip.list",
              "iaas.public-ip.update",
              "iaas.security-group.create",
              "iaas.security-group.delete",
              "iaas.security-group.get",
              "iaas.security-group.list",
              "iaas.security-group.rule.create",
              "iaas.security-group.rule.delete",
              "iaas.security-group.rule.get",
              "iaas.security-group.rule.list",
              "iaas.security-group.rule.update",
              "iaas.security-group.update",
              "iaas.server.create",
              "iaas.server.delete",
              "iaas.server.get",
              "iaas.server.list",
              "iaas.server.update",
              "iaas.volume.create",
              "iaas.volume.delete",
              "iaas.volume.get",
              "iaas.volume.list",
              "iaas.volume.update"
            ],
            "resource_id": "8f43ea04-9012-4cd7-8d14-d4e202c9ddc0",
            "role_id": "cd335767-c5bd-44b9-96a7-fb01dbeb0076"
          },
          "sensitive_attributes": [],
          "identity_schema_version": 0
        }
      ]
    },
    {
      "module": "module.github_actions_identity_federation",
      "mode": "managed",
      "type": "stackit_authorization_project_role_assignment",
      "name": "this",
      "provider": "provider[\"registry.terraform.io/stackitcloud/stackit\"]",
      "instances": [
        {
          "index_key": "service-account.gh-terraform",
          "schema_version": 0,
          "attributes": {
            "id": "8f43ea04-9012-4cd7-8d14-d4e202c9ddc0,service-account.gh-terraform,gh-terraform-6ao3jpi8@sa.stackit.cloud",
            "resource_id": "8f43ea04-9012-4cd7-8d14-d4e202c9ddc0",
            "role": "service-account.gh-terraform",
            "subject": "gh-terraform-6ao3jpi8@sa.stackit.cloud"
          },
          "sensitive_attributes": [],
          "identity_schema_version": 0,
          "dependencies": [
            "module.github_actions_identity_federation.stackit_authorization_project_custom_role.this",
            "module.github_actions_identity_federation.stackit_service_account.this"
          ]
        }
      ]
    },
    {
      "module": "module.github_actions_identity_federation",
      "mode": "managed",
      "type": "stackit_service_account",
      "name": "this",
      "provider": "provider[\"registry.terraform.io/stackitcloud/stackit\"]",
      "instances": [
        {
          "schema_version": 0,
          "attributes": {
            "email": "gh-terraform-6ao3jpi8@sa.stackit.cloud",
            "id": "8f43ea04-9012-4cd7-8d14-d4e202c9ddc0,gh-terraform-6ao3jpi8@sa.stackit.cloud",
            "name": "gh-terraform",
            "project_id": "8f43ea04-9012-4cd7-8d14-d4e202c9ddc0",
            "service_account_id": "b7d497df-73c1-4f5c-bd20-1c920f4e48c2"
          },
          "sensitive_attributes": [],
          "identity_schema_version": 0
        }
      ]
    },
    {
      "module": "module.github_actions_identity_federation",
      "mode": "managed",
      "type": "stackit_service_account_federated_identity_provider",
      "name": "github_actions",
      "provider": "provider[\"registry.terraform.io/stackitcloud/stackit\"]",
      "instances": [
        {
          "index_key": "ref:refs/heads/main",
          "schema_version": 0,
          "attributes": {
            "assertions": [
              {
                "item": "aud",
                "operator": "equals",
                "value": "sts.accounts.stackit.cloud"
              },
              {
                "item": "sub",
                "operator": "equals",
                "value": "repo:digitalservicebund@72971514/experimental-llm@1361178104:ref:refs/heads/main"
              },
              {
                "item": "job_workflow_ref",
                "operator": "equals",
                "value": "digitalservicebund/experimental-llm/.github/workflows/terraform-apply.yml@refs/heads/main"
              }
            ],
            "federation_id": "d2f48b3c-e686-4130-898d-b56efb8b212f",
            "id": "8f43ea04-9012-4cd7-8d14-d4e202c9ddc0,gh-terraform-6ao3jpi8@sa.stackit.cloud,d2f48b3c-e686-4130-898d-b56efb8b212f",
            "issuer": "https://token.actions.githubusercontent.com",
            "name": "github-actions-ref-refs-heads-main",
            "project_id": "8f43ea04-9012-4cd7-8d14-d4e202c9ddc0",
            "service_account_email": "gh-terraform-6ao3jpi8@sa.stackit.cloud"
          },
          "sensitive_attributes": [],
          "identity_schema_version": 0,
          "dependencies": [
            "module.github_actions_identity_federation.stackit_service_account.this"
          ]
        }
      ]
    }
  ],
  "check_results": [
    {
      "object_kind": "var",
      "config_addr": "module.github_actions_identity_federation.var.github_subjects",
      "status": "pass",
      "objects": [
        {
          "object_addr": "module.github_actions_identity_federation.var.github_subjects",
          "status": "pass"
        }
      ]
    },
    {
      "object_kind": "var",
      "config_addr": "module.github_actions_identity_federation.var.name",
      "status": "pass",
      "objects": [
        {
          "object_addr": "module.github_actions_identity_federation.var.name",
          "status": "pass"
        }
      ]
    },
    {
      "object_kind": "var",
      "config_addr": "module.github_actions_identity_federation.var.permissions",
      "status": "pass",
      "objects": [
        {
          "object_addr": "module.github_actions_identity_federation.var.permissions",
          "status": "pass"
        }
      ]
    },
    {
      "object_kind": "var",
      "config_addr": "module.github_actions_identity_federation.var.folder_id",
      "status": "pass",
      "objects": [
        {
          "object_addr": "module.github_actions_identity_federation.var.folder_id",
          "status": "pass"
        }
      ]
    },
    {
      "object_kind": "var",
      "config_addr": "module.github_actions_identity_federation.var.github_repository",
      "status": "pass",
      "objects": [
        {
          "object_addr": "module.github_actions_identity_federation.var.github_repository",
          "status": "pass"
        }
      ]
    }
  ]
}
